
Microsoft Visual Studio Solution File, Format Version 12.00
# Visual Studio Version 17
VisualStudioVersion = 17.11.35312.102
MinimumVisualStudioVersion = 10.0.40219.1
Project("{FAE04EC0-301F-11D3-BF4B-00C04F79EFBC}") = "PhuongThucTinh", "PhuongThucTinh\PhuongThucTinh.csproj", "{904C7D86-F139-4EF9-9D73-C89EAFA31BCD}"
EndProject
Global
	GlobalSection(SolutionConfigurationPlatforms) = preSolution
		Debug|Any CPU = Debug|Any CPU
		Release|Any CPU = Release|Any CPU
	EndGlobalSection
	GlobalSection(ProjectConfigurationPlatforms) = postSolution
		{904C7D86-F139-4EF9-9D73-C89EAFA31BCD}.Debug|Any CPU.ActiveCfg = Debug|Any CPU
		{904C7D86-F139-4EF9-9D73-C89EAFA31BCD}.Debug|Any CPU.Build.0 = Debug|Any CPU
		{904C7D86-F139-4EF9-9D73-C89EAFA31BCD}.Release|Any CPU.ActiveCfg = Release|Any CPU
		{904C7D86-F139-4EF9-9D73-C89EAFA31BCD}.Release|Any CPU.Build.0 = Release|Any CPU
	EndGlobalSection
	GlobalSection(SolutionProperties) = preSolution
		HideSolutionNode = FALSE
	EndGlobalSection
	GlobalSection(ExtensibilityGlobals) = postSolution
		SolutionGuid = {BBED2DBF-E643-4E2B-AE2C-3EC0CFAE76A9}
	EndGlobalSection
EndGlobal
